
Microsoft Visual Studio Solution File, Format Version 12.00
# Visual Studio Version 17
VisualStudioVersion = 17.4.33213.308
MinimumVisualStudioVersion = 10.0.40219.1
Project("{FAE04EC0-301F-11D3-BF4B-00C04F79EFBC}") = "Lab1", "Lab1\Lab1.csproj", "{AFB65B9D-147C-4C0B-AD0B-248D37BC48F8}"
EndProject
Global
	GlobalSection(SolutionConfigurationPlatforms) = preSolution
		Debug|Any CPU = Debug|Any CPU
		Release|Any CPU = Release|Any CPU
	EndGlobalSection
	GlobalSection(ProjectConfigurationPlatforms) = postSolution
		{AFB65B9D-147C-4C0B-AD0B-248D37BC48F8}.Debug|Any CPU.ActiveCfg = Debug|Any CPU
		{AFB65B9D-147C-4C0B-AD0B-248D37BC48F8}.Debug|Any CPU.Build.0 = Debug|Any CPU
		{AFB65B9D-147C-4C0B-AD0B-248D37BC48F8}.Release|Any CPU.ActiveCfg = Release|Any CPU
		{AFB65B9D-147C-4C0B-AD0B-248D37BC48F8}.Release|Any CPU.Build.0 = Release|Any CPU
	EndGlobalSection
	GlobalSection(SolutionProperties) = preSolution
		HideSolutionNode = FALSE
	EndGlobalSection
	GlobalSection(ExtensibilityGlobals) = postSolution
		SolutionGuid = {0F3EF3FD-C6AB-4EDB-B188-145C5D321A38}
	EndGlobalSection
EndGlobal
